
Microsoft Visual Studio Solution File, Format Version 12.00
# Visual Studio Version 16
VisualStudioVersion = 16.0.31624.102
MinimumVisualStudioVersion = 10.0.40219.1
Project("{FAE04EC0-301F-11D3-BF4B-00C04F79EFBC}") = "Ohj.2 Lopputyö", "Ohj.2 Lopputyö\Ohj.2 Lopputyö.csproj", "{7C095623-0E2C-4C01-9066-C80FA9BF3F7A}"
EndProject
Global
	GlobalSection(SolutionConfigurationPlatforms) = preSolution
		Debug|Any CPU = Debug|Any CPU
		Release|Any CPU = Release|Any CPU
	EndGlobalSection
	GlobalSection(ProjectConfigurationPlatforms) = postSolution
		{7C095623-0E2C-4C01-9066-C80FA9BF3F7A}.Debug|Any CPU.ActiveCfg = Debug|Any CPU
		{7C095623-0E2C-4C01-9066-C80FA9BF3F7A}.Debug|Any CPU.Build.0 = Debug|Any CPU
		{7C095623-0E2C-4C01-9066-C80FA9BF3F7A}.Release|Any CPU.ActiveCfg = Release|Any CPU
		{7C095623-0E2C-4C01-9066-C80FA9BF3F7A}.Release|Any CPU.Build.0 = Release|Any CPU
	EndGlobalSection
	GlobalSection(SolutionProperties) = preSolution
		HideSolutionNode = FALSE
	EndGlobalSection
	GlobalSection(ExtensibilityGlobals) = postSolution
		SolutionGuid = {B7034711-2952-44AB-A800-7F4847528F03}
	EndGlobalSection
EndGlobal
